
Microsoft Visual Studio Solution File, Format Version 12.00
# Visual Studio Version 17
VisualStudioVersion = 17.7.34031.279
MinimumVisualStudioVersion = 10.0.40219.1
Project("{9A19103F-16F7-4668-BE54-9A1E7A4F7556}") = "MySolution.Module", "MySolution.Module\MySolution.Module.csproj", "{EA276509-16D9-4DD2-A8AB-4225F18B384E}"
EndProject
Project("{9A19103F-16F7-4668-BE54-9A1E7A4F7556}") = "MySolution.Blazor.Server", "MySolution.Blazor.Server\MySolution.Blazor.Server.csproj", "{CABE18E8-343F-4B0C-8E9C-D22665AEA692}"
EndProject
Global
	GlobalSection(SolutionConfigurationPlatforms) = preSolution
		Debug|Any CPU = Debug|Any CPU
		EasyTest|Any CPU = EasyTest|Any CPU
		Release|Any CPU = Release|Any CPU
	EndGlobalSection
	GlobalSection(ProjectConfigurationPlatforms) = postSolution
		{EA276509-16D9-4DD2-A8AB-4225F18B384E}.Debug|Any CPU.ActiveCfg = Debug|Any CPU
		{EA276509-16D9-4DD2-A8AB-4225F18B384E}.Debug|Any CPU.Build.0 = Debug|Any CPU
		{EA276509-16D9-4DD2-A8AB-4225F18B384E}.EasyTest|Any CPU.ActiveCfg = EasyTest|Any CPU
		{EA276509-16D9-4DD2-A8AB-4225F18B384E}.EasyTest|Any CPU.Build.0 = EasyTest|Any CPU
		{EA276509-16D9-4DD2-A8AB-4225F18B384E}.Release|Any CPU.ActiveCfg = Release|Any CPU
		{EA276509-16D9-4DD2-A8AB-4225F18B384E}.Release|Any CPU.Build.0 = Release|Any CPU
		{CABE18E8-343F-4B0C-8E9C-D22665AEA692}.Debug|Any CPU.ActiveCfg = Debug|Any CPU
		{CABE18E8-343F-4B0C-8E9C-D22665AEA692}.Debug|Any CPU.Build.0 = Debug|Any CPU
		{CABE18E8-343F-4B0C-8E9C-D22665AEA692}.EasyTest|Any CPU.ActiveCfg = EasyTest|Any CPU
		{CABE18E8-343F-4B0C-8E9C-D22665AEA692}.EasyTest|Any CPU.Build.0 = EasyTest|Any CPU
		{CABE18E8-343F-4B0C-8E9C-D22665AEA692}.Release|Any CPU.ActiveCfg = Release|Any CPU
		{CABE18E8-343F-4B0C-8E9C-D22665AEA692}.Release|Any CPU.Build.0 = Release|Any CPU
	EndGlobalSection
	GlobalSection(SolutionProperties) = preSolution
		HideSolutionNode = FALSE
	EndGlobalSection
	GlobalSection(ExtensibilityGlobals) = postSolution
		SolutionGuid = {8D4E9E66-0BD8-47F2-AAED-E5F31B343782}
	EndGlobalSection
EndGlobal
